
Microsoft Visual Studio Solution File, Format Version 12.00
# Visual Studio Version 17
VisualStudioVersion = 17.6.33829.357
MinimumVisualStudioVersion = 10.0.40219.1
Project("{FAE04EC0-301F-11D3-BF4B-00C04F79EFBC}") = "XFrame.Aggregates.Queries.Extensions", "XFrame.Aggregates.Queries.Extensions\XFrame.Aggregates.Queries.Extensions.csproj", "{C53CBD85-083F-42DD-901D-1B287D315E6D}"
EndProject
Global
	GlobalSection(SolutionConfigurationPlatforms) = preSolution
		Debug|Any CPU = Debug|Any CPU
		Release|Any CPU = Release|Any CPU
	EndGlobalSection
	GlobalSection(ProjectConfigurationPlatforms) = postSolution
		{C53CBD85-083F-42DD-901D-1B287D315E6D}.Debug|Any CPU.ActiveCfg = Debug|Any CPU
		{C53CBD85-083F-42DD-901D-1B287D315E6D}.Debug|Any CPU.Build.0 = Debug|Any CPU
		{C53CBD85-083F-42DD-901D-1B287D315E6D}.Release|Any CPU.ActiveCfg = Release|Any CPU
		{C53CBD85-083F-42DD-901D-1B287D315E6D}.Release|Any CPU.Build.0 = Release|Any CPU
	EndGlobalSection
	GlobalSection(SolutionProperties) = preSolution
		HideSolutionNode = FALSE
	EndGlobalSection
	GlobalSection(ExtensibilityGlobals) = postSolution
		SolutionGuid = {D43D0CDE-2D50-43FD-A4B5-954FD0B19188}
	EndGlobalSection
EndGlobal
